
Microsoft Visual Studio Solution File, Format Version 12.00
# Visual Studio Version 17
VisualStudioVersion = 17.11.35222.181
MinimumVisualStudioVersion = 10.0.40219.1
Project("{FAE04EC0-301F-11D3-BF4B-00C04F79EFBC}") = "MarketBack", "MarketBack\MarketBack.csproj", "{EE40234B-F4D8-4106-B9E3-47861724D827}"
EndProject
Global
	GlobalSection(SolutionConfigurationPlatforms) = preSolution
		Debug|Any CPU = Debug|Any CPU
		Release|Any CPU = Release|Any CPU
	EndGlobalSection
	GlobalSection(ProjectConfigurationPlatforms) = postSolution
		{EE40234B-F4D8-4106-B9E3-47861724D827}.Debug|Any CPU.ActiveCfg = Debug|Any CPU
		{EE40234B-F4D8-4106-B9E3-47861724D827}.Debug|Any CPU.Build.0 = Debug|Any CPU
		{EE40234B-F4D8-4106-B9E3-47861724D827}.Release|Any CPU.ActiveCfg = Release|Any CPU
		{EE40234B-F4D8-4106-B9E3-47861724D827}.Release|Any CPU.Build.0 = Release|Any CPU
	EndGlobalSection
	GlobalSection(SolutionProperties) = preSolution
		HideSolutionNode = FALSE
	EndGlobalSection
	GlobalSection(ExtensibilityGlobals) = postSolution
		SolutionGuid = {FC573425-AF95-4B5B-B6F2-B7626026234F}
	EndGlobalSection
EndGlobal
